
Microsoft Visual Studio Solution File, Format Version 12.00
# Visual Studio Version 17
VisualStudioVersion = 17.8.34004.107
MinimumVisualStudioVersion = 10.0.40219.1
Project("{FAE04EC0-301F-11D3-BF4B-00C04F79EFBC}") = "FolderSync", "FolderSync\FolderSync.csproj", "{98CB78CD-3DAB-4316-910B-27CA60B96A4B}"
EndProject
Global
	GlobalSection(SolutionConfigurationPlatforms) = preSolution
		Debug|Any CPU = Debug|Any CPU
		Release|Any CPU = Release|Any CPU
	EndGlobalSection
	GlobalSection(ProjectConfigurationPlatforms) = postSolution
		{98CB78CD-3DAB-4316-910B-27CA60B96A4B}.Debug|Any CPU.ActiveCfg = Debug|Any CPU
		{98CB78CD-3DAB-4316-910B-27CA60B96A4B}.Debug|Any CPU.Build.0 = Debug|Any CPU
		{98CB78CD-3DAB-4316-910B-27CA60B96A4B}.Release|Any CPU.ActiveCfg = Release|Any CPU
		{98CB78CD-3DAB-4316-910B-27CA60B96A4B}.Release|Any CPU.Build.0 = Release|Any CPU
	EndGlobalSection
	GlobalSection(SolutionProperties) = preSolution
		HideSolutionNode = FALSE
	EndGlobalSection
	GlobalSection(ExtensibilityGlobals) = postSolution
		SolutionGuid = {B85AC2FB-CE92-4C6F-B4CE-28F027523B36}
	EndGlobalSection
EndGlobal
